
Microsoft Visual Studio Solution File, Format Version 12.00
# Visual Studio Version 16
VisualStudioVersion = 16.0.32602.291
MinimumVisualStudioVersion = 10.0.40219.1
Project("{FAE04EC0-301F-11D3-BF4B-00C04F79EFBC}") = "EmailDetect", "EmailDetect\EmailDetect.csproj", "{5DB2AC80-FC05-46E4-8435-597EF44EC67D}"
EndProject
Global
	GlobalSection(SolutionConfigurationPlatforms) = preSolution
		Debug|Any CPU = Debug|Any CPU
		Release|Any CPU = Release|Any CPU
	EndGlobalSection
	GlobalSection(ProjectConfigurationPlatforms) = postSolution
		{5DB2AC80-FC05-46E4-8435-597EF44EC67D}.Debug|Any CPU.ActiveCfg = Debug|Any CPU
		{5DB2AC80-FC05-46E4-8435-597EF44EC67D}.Debug|Any CPU.Build.0 = Debug|Any CPU
		{5DB2AC80-FC05-46E4-8435-597EF44EC67D}.Release|Any CPU.ActiveCfg = Release|Any CPU
		{5DB2AC80-FC05-46E4-8435-597EF44EC67D}.Release|Any CPU.Build.0 = Release|Any CPU
	EndGlobalSection
	GlobalSection(SolutionProperties) = preSolution
		HideSolutionNode = FALSE
	EndGlobalSection
	GlobalSection(ExtensibilityGlobals) = postSolution
		SolutionGuid = {8627E31F-E6D7-48D8-AD0B-D5CB611195FC}
	EndGlobalSection
EndGlobal
